
Microsoft Visual Studio Solution File, Format Version 12.00
# Visual Studio Version 16
VisualStudioVersion = 16.0.32002.261
MinimumVisualStudioVersion = 10.0.40219.1
Project("{2150E333-8FDC-42A3-9474-1A3956D46DE8}") = "BusinessLogicLayer", "BusinessLogicLayer", "{8629D775-F944-4331-80D2-CFD80D06D026}"
EndProject
Project("{2150E333-8FDC-42A3-9474-1A3956D46DE8}") = "Common", "Common", "{8745114B-6B3B-40B4-99A9-3D927018B870}"
EndProject
Project("{2150E333-8FDC-42A3-9474-1A3956D46DE8}") = "DataAccessLayer", "DataAccessLayer", "{0DE4099F-7E75-4C0D-9BBC-26A846D7E32B}"
EndProject
Project("{2150E333-8FDC-42A3-9474-1A3956D46DE8}") = "PresentationLayer", "PresentationLayer", "{F18C347E-7B8E-4E59-B8E2-7D6FD22AACE1}"
EndProject
Project("{FAE04EC0-301F-11D3-BF4B-00C04F79EFBC}") = "Note.Model", "Note.Model\Note.Model.csproj", "{902A79E5-5983-46BC-B03F-2A850634800C}"
EndProject
Project("{FAE04EC0-301F-11D3-BF4B-00C04F79EFBC}") = "Note.IDAL", "Note.IDAL\Note.IDAL.csproj", "{70EB1FE6-2A84-41E0-BE96-B6436AB2D0EF}"
EndProject
Project("{FAE04EC0-301F-11D3-BF4B-00C04F79EFBC}") = "Note.DAL", "Note.DAL\Note.DAL.csproj", "{7992DC05-6F2E-451B-87C6-741D18A9771B}"
EndProject
Project("{FAE04EC0-301F-11D3-BF4B-00C04F79EFBC}") = "Note.BLL", "Note.BLL\Note.BLL.csproj", "{205A7A42-8201-4395-B4B6-11492361A57B}"
EndProject
Project("{FAE04EC0-301F-11D3-BF4B-00C04F79EFBC}") = "Note.MVC6", "Note.MVC6\Note.MVC6.csproj", "{2C456CB5-7183-474E-896D-93547BEB96D9}"
EndProject
Global
	GlobalSection(SolutionConfigurationPlatforms) = preSolution
		Debug|Any CPU = Debug|Any CPU
		Release|Any CPU = Release|Any CPU
	EndGlobalSection
	GlobalSection(ProjectConfigurationPlatforms) = postSolution
		{902A79E5-5983-46BC-B03F-2A850634800C}.Debug|Any CPU.ActiveCfg = Debug|Any CPU
		{902A79E5-5983-46BC-B03F-2A850634800C}.Debug|Any CPU.Build.0 = Debug|Any CPU
		{902A79E5-5983-46BC-B03F-2A850634800C}.Release|Any CPU.ActiveCfg = Release|Any CPU
		{902A79E5-5983-46BC-B03F-2A850634800C}.Release|Any CPU.Build.0 = Release|Any CPU
		{70EB1FE6-2A84-41E0-BE96-B6436AB2D0EF}.Debug|Any CPU.ActiveCfg = Debug|Any CPU
		{70EB1FE6-2A84-41E0-BE96-B6436AB2D0EF}.Debug|Any CPU.Build.0 = Debug|Any CPU
		{70EB1FE6-2A84-41E0-BE96-B6436AB2D0EF}.Release|Any CPU.ActiveCfg = Release|Any CPU
		{70EB1FE6-2A84-41E0-BE96-B6436AB2D0EF}.Release|Any CPU.Build.0 = Release|Any CPU
		{7992DC05-6F2E-451B-87C6-741D18A9771B}.Debug|Any CPU.ActiveCfg = Debug|Any CPU
		{7992DC05-6F2E-451B-87C6-741D18A9771B}.Debug|Any CPU.Build.0 = Debug|Any CPU
		{7992DC05-6F2E-451B-87C6-741D18A9771B}.Release|Any CPU.ActiveCfg = Release|Any CPU
		{7992DC05-6F2E-451B-87C6-741D18A9771B}.Release|Any CPU.Build.0 = Release|Any CPU
		{205A7A42-8201-4395-B4B6-11492361A57B}.Debug|Any CPU.ActiveCfg = Debug|Any CPU
		{205A7A42-8201-4395-B4B6-11492361A57B}.Debug|Any CPU.Build.0 = Debug|Any CPU
		{205A7A42-8201-4395-B4B6-11492361A57B}.Release|Any CPU.ActiveCfg = Release|Any CPU
		{205A7A42-8201-4395-B4B6-11492361A57B}.Release|Any CPU.Build.0 = Release|Any CPU
		{2C456CB5-7183-474E-896D-93547BEB96D9}.Debug|Any CPU.ActiveCfg = Debug|Any CPU
		{2C456CB5-7183-474E-896D-93547BEB96D9}.Debug|Any CPU.Build.0 = Debug|Any CPU
		{2C456CB5-7183-474E-896D-93547BEB96D9}.Release|Any CPU.ActiveCfg = Release|Any CPU
		{2C456CB5-7183-474E-896D-93547BEB96D9}.Release|Any CPU.Build.0 = Release|Any CPU
	EndGlobalSection
	GlobalSection(SolutionProperties) = preSolution
		HideSolutionNode = FALSE
	EndGlobalSection
	GlobalSection(NestedProjects) = preSolution
		{902A79E5-5983-46BC-B03F-2A850634800C} = {8745114B-6B3B-40B4-99A9-3D927018B870}
		{70EB1FE6-2A84-41E0-BE96-B6436AB2D0EF} = {0DE4099F-7E75-4C0D-9BBC-26A846D7E32B}
		{7992DC05-6F2E-451B-87C6-741D18A9771B} = {0DE4099F-7E75-4C0D-9BBC-26A846D7E32B}
		{205A7A42-8201-4395-B4B6-11492361A57B} = {8629D775-F944-4331-80D2-CFD80D06D026}
		{2C456CB5-7183-474E-896D-93547BEB96D9} = {F18C347E-7B8E-4E59-B8E2-7D6FD22AACE1}
	EndGlobalSection
	GlobalSection(ExtensibilityGlobals) = postSolution
		SolutionGuid = {C3734498-D923-4740-9F31-CFEB41BFF110}
	EndGlobalSection
EndGlobal
